
Microsoft Visual Studio Solution File, Format Version 12.00
# Visual Studio Version 17
VisualStudioVersion = 17.0.31717.71
MinimumVisualStudioVersion = 10.0.40219.1
Project("{9A19103F-16F7-4668-BE54-9A1E7A4F7556}") = "Mef.Host", "src\Mef.Host\Mef.Host.csproj", "{B6A63766-F0E4-455F-A318-2BABF64003FB}"
EndProject
Project("{9A19103F-16F7-4668-BE54-9A1E7A4F7556}") = "Mef.Contracts", "src\Mef.Contracts\Mef.Contracts.csproj", "{101BA22C-4E41-46AC-8812-D9833F6B28DE}"
EndProject
Project("{9A19103F-16F7-4668-BE54-9A1E7A4F7556}") = "Mef.HostExtension", "src\Mef.HostExtension\Mef.HostExtension.csproj", "{839A6E2E-093F-4FA3-91F8-F5519C839C6A}"
EndProject
Project("{9A19103F-16F7-4668-BE54-9A1E7A4F7556}") = "Mef.ExternalExtension", "src\Mef.ExternalExtension\Mef.ExternalExtension.csproj", "{2FBFF810-3D4A-462E-91A6-3B6801110673}"
EndProject
Global
	GlobalSection(SolutionConfigurationPlatforms) = preSolution
		Debug|Any CPU = Debug|Any CPU
		Release|Any CPU = Release|Any CPU
	EndGlobalSection
	GlobalSection(ProjectConfigurationPlatforms) = postSolution
		{B6A63766-F0E4-455F-A318-2BABF64003FB}.Debug|Any CPU.ActiveCfg = Debug|Any CPU
		{B6A63766-F0E4-455F-A318-2BABF64003FB}.Debug|Any CPU.Build.0 = Debug|Any CPU
		{B6A63766-F0E4-455F-A318-2BABF64003FB}.Release|Any CPU.ActiveCfg = Release|Any CPU
		{B6A63766-F0E4-455F-A318-2BABF64003FB}.Release|Any CPU.Build.0 = Release|Any CPU
		{101BA22C-4E41-46AC-8812-D9833F6B28DE}.Debug|Any CPU.ActiveCfg = Debug|Any CPU
		{101BA22C-4E41-46AC-8812-D9833F6B28DE}.Debug|Any CPU.Build.0 = Debug|Any CPU
		{101BA22C-4E41-46AC-8812-D9833F6B28DE}.Release|Any CPU.ActiveCfg = Release|Any CPU
		{101BA22C-4E41-46AC-8812-D9833F6B28DE}.Release|Any CPU.Build.0 = Release|Any CPU
		{839A6E2E-093F-4FA3-91F8-F5519C839C6A}.Debug|Any CPU.ActiveCfg = Debug|Any CPU
		{839A6E2E-093F-4FA3-91F8-F5519C839C6A}.Debug|Any CPU.Build.0 = Debug|Any CPU
		{839A6E2E-093F-4FA3-91F8-F5519C839C6A}.Release|Any CPU.ActiveCfg = Release|Any CPU
		{839A6E2E-093F-4FA3-91F8-F5519C839C6A}.Release|Any CPU.Build.0 = Release|Any CPU
		{2FBFF810-3D4A-462E-91A6-3B6801110673}.Debug|Any CPU.ActiveCfg = Debug|Any CPU
		{2FBFF810-3D4A-462E-91A6-3B6801110673}.Debug|Any CPU.Build.0 = Debug|Any CPU
		{2FBFF810-3D4A-462E-91A6-3B6801110673}.Release|Any CPU.ActiveCfg = Release|Any CPU
		{2FBFF810-3D4A-462E-91A6-3B6801110673}.Release|Any CPU.Build.0 = Release|Any CPU
	EndGlobalSection
	GlobalSection(SolutionProperties) = preSolution
		HideSolutionNode = FALSE
	EndGlobalSection
	GlobalSection(ExtensibilityGlobals) = postSolution
		SolutionGuid = {A4AF1C6C-A3CD-4BFB-B129-0CB0044CFFEE}
	EndGlobalSection
EndGlobal
